// !$*UTF8*$!
{
	archiveVersion = 1;
	classes = {
	};
	objectVersion = 46;
	objects = {

/* Begin PBXBuildFile section */
		3CCC183A1A414E0B00AFC7BF /* AppDelegate.m in Sources */ = {isa = PBXBuildFile; fileRef = 3CCC182C1A414E0B00AFC7BF /* AppDelegate.m */; };
		3CCC183D1A414E0B00AFC7BF /* Images.xcassets in Resources */ = {isa = PBXBuildFile; fileRef = 3CCC18311A414E0B00AFC7BF /* Images.xcassets */; };
		3CCC183E1A414E0B00AFC7BF /* SphereMenu.m in Sources */ = {isa = PBXBuildFile; fileRef = 3CCC18341A414E0B00AFC7BF /* SphereMenu.m */; };
		3CCC18401A414E0B00AFC7BF /* main.m in Sources */ = {isa = PBXBuildFile; fileRef = 3CCC18371A414E0B00AFC7BF /* main.m */; };
		3CCC18411A414E0B00AFC7BF /* ViewController.m in Sources */ = {isa = PBXBuildFile; fileRef = 3CCC18391A414E0B00AFC7BF /* ViewController.m */; };
		3CCFC43F19FB1565000838B6 /* YoutubePlayerTests.m in Sources */ = {isa = PBXBuildFile; fileRef = 3CCFC43E19FB1565000838B6 /* YoutubePlayerTests.m */; };
		3CCFC44B19FB15DF000838B6 /* YTPlayerView.m in Sources */ = {isa = PBXBuildFile; fileRef = 3CCFC44A19FB15DF000838B6 /* YTPlayerView.m */; };
		3CCFC44D19FB1666000838B6 /* YTPlayerView-iframe-player.html in Resources */ = {isa = PBXBuildFile; fileRef = 3CCFC44C19FB1666000838B6 /* YTPlayerView-iframe-player.html */; };
		A8B7659D1A4395E100D95B33 /* LaunchScreen.xib in Resources */ = {isa = PBXBuildFile; fileRef = 3CCC182D1A414E0B00AFC7BF /* LaunchScreen.xib */; };
		A8B7659E1A4395E700D95B33 /* Main.storyboard in Resources */ = {isa = PBXBuildFile; fileRef = 3CCC182F1A414E0B00AFC7BF /* Main.storyboard */; };
		A8EC7C6E1A43917D00E48DF6 /* ChameleonStatusBar.m in Sources */ = {isa = PBXBuildFile; fileRef = A8EC7C651A43917D00E48DF6 /* ChameleonStatusBar.m */; };
		A8EC7C6F1A43917D00E48DF6 /* NSArray+Chameleon.m in Sources */ = {isa = PBXBuildFile; fileRef = A8EC7C671A43917D00E48DF6 /* NSArray+Chameleon.m */; };
		A8EC7C701A43917D00E48DF6 /* UIColor+Chameleon.m in Sources */ = {isa = PBXBuildFile; fileRef = A8EC7C691A43917D00E48DF6 /* UIColor+Chameleon.m */; };
		A8EC7C711A43917D00E48DF6 /* UIColor+CIELAB.m in Sources */ = {isa = PBXBuildFile; fileRef = A8EC7C6B1A43917D00E48DF6 /* UIColor+CIELAB.m */; };
		A8EC7C721A43917D00E48DF6 /* UIViewController+Chameleon.m in Sources */ = {isa = PBXBuildFile; fileRef = A8EC7C6D1A43917D00E48DF6 /* UIViewController+Chameleon.m */; };
/* End PBXBuildFile section */

/* Begin PBXContainerItemProxy section */
		3CCFC43919FB1565000838B6 /* PBXContainerItemProxy */ = {
			isa = PBXContainerItemProxy;
			containerPortal = 3CCFC41719FB1565000838B6 /* Project object */;
			proxyType = 1;
			remoteGlobalIDString = 3CCFC41E19FB1565000838B6;
			remoteInfo = YoutubePlayer;
		};
/* End PBXContainerItemProxy section */

/* Begin PBXFileReference section */
		3CCC182B1A414E0B00AFC7BF /* AppDelegate.h */ = {isa = PBXFileReference; fileEncoding = 4; lastKnownFileType = sourcecode.c.h; path = AppDelegate.h; sourceTree = "<group>"; };
		3CCC182C1A414E0B00AFC7BF /* AppDelegate.m */ = {isa = PBXFileReference; fileEncoding = 4; lastKnownFileType = sourcecode.c.objc; path = AppDelegate.m; sourceTree = "<group>"; };
		3CCC182E1A414E0B00AFC7BF /* Base */ = {isa = PBXFileReference; lastKnownFileType = file.xib; name = Base; path = Base.lproj/LaunchScreen.xib; sourceTree = "<group>"; };
		3CCC18301A414E0B00AFC7BF /* Base */ = {isa = PBXFileReference; lastKnownFileType = file.storyboard; name = Base; path = Base.lproj/Main.storyboard; sourceTree = "<group>"; };
		3CCC18311A414E0B00AFC7BF /* Images.xcassets */ = {isa = PBXFileReference; lastKnownFileType = folder.assetcatalog; path = Images.xcassets; sourceTree = "<group>"; };
		3CCC18331A414E0B00AFC7BF /* SphereMenu.h */ = {isa = PBXFileReference; fileEncoding = 4; lastKnownFileType = sourcecode.c.h; path = SphereMenu.h; sourceTree = "<group>"; };
		3CCC18341A414E0B00AFC7BF /* SphereMenu.m */ = {isa = PBXFileReference; fileEncoding = 4; lastKnownFileType = sourcecode.c.objc; path = SphereMenu.m; sourceTree = "<group>"; };
		3CCC18361A414E0B00AFC7BF /* Info.plist */ = {isa = PBXFileReference; fileEncoding = 4; lastKnownFileType = text.plist.xml; path = Info.plist; sourceTree = "<group>"; };
		3CCC18371A414E0B00AFC7BF /* main.m */ = {isa = PBXFileReference; fileEncoding = 4; lastKnownFileType = sourcecode.c.objc; path = main.m; sourceTree = "<group>"; };
		3CCC18381A414E0B00AFC7BF /* ViewController.h */ = {isa = PBXFileReference; fileEncoding = 4; lastKnownFileType = sourcecode.c.h; path = ViewController.h; sourceTree = "<group>"; };
		3CCC18391A414E0B00AFC7BF /* ViewController.m */ = {isa = PBXFileReference; fileEncoding = 4; lastKnownFileType = sourcecode.c.objc; path = ViewController.m; sourceTree = "<group>"; };
		3CCFC41F19FB1565000838B6 /* YoutubePlayerDemo.app */ = {isa = PBXFileReference; explicitFileType = wrapper.application; includeInIndex = 0; path = YoutubePlayerDemo.app; sourceTree = BUILT_PRODUCTS_DIR; };
		3CCFC43819FB1565000838B6 /* YoutubePlayerDemoTests.xctest */ = {isa = PBXFileReference; explicitFileType = wrapper.cfbundle; includeInIndex = 0; path = YoutubePlayerDemoTests.xctest; sourceTree = BUILT_PRODUCTS_DIR; };
		3CCFC43D19FB1565000838B6 /* Info.plist */ = {isa = PBXFileReference; lastKnownFileType = text.plist.xml; path = Info.plist; sourceTree = "<group>"; };
		3CCFC43E19FB1565000838B6 /* YoutubePlayerTests.m */ = {isa = PBXFileReference; lastKnownFileType = sourcecode.c.objc; path = YoutubePlayerTests.m; sourceTree = "<group>"; };
		3CCFC44919FB15DF000838B6 /* YTPlayerView.h */ = {isa = PBXFileReference; fileEncoding = 4; lastKnownFileType = sourcecode.c.h; name = YTPlayerView.h; path = YoutubeHelper/YTPlayerView.h; sourceTree = "<group>"; };
		3CCFC44A19FB15DF000838B6 /* YTPlayerView.m */ = {isa = PBXFileReference; fileEncoding = 4; lastKnownFileType = sourcecode.c.objc; name = YTPlayerView.m; path = YoutubeHelper/YTPlayerView.m; sourceTree = "<group>"; };
		3CCFC44C19FB1666000838B6 /* YTPlayerView-iframe-player.html */ = {isa = PBXFileReference; fileEncoding = 4; lastKnownFileType = text.html; name = "YTPlayerView-iframe-player.html"; path = "YoutubeHelper/YTPlayerView-iframe-player.html"; sourceTree = "<group>"; };
		A8EC7C621A43917D00E48DF6 /* Chameleon.h */ = {isa = PBXFileReference; fileEncoding = 4; lastKnownFileType = sourcecode.c.h; path = Chameleon.h; sourceTree = "<group>"; };
		A8EC7C631A43917D00E48DF6 /* ChameleonMacros.h */ = {isa = PBXFileReference; fileEncoding = 4; lastKnownFileType = sourcecode.c.h; path = ChameleonMacros.h; sourceTree = "<group>"; };
		A8EC7C641A43917D00E48DF6 /* ChameleonStatusBar.h */ = {isa = PBXFileReference; fileEncoding = 4; lastKnownFileType = sourcecode.c.h; path = ChameleonStatusBar.h; sourceTree = "<group>"; };
		A8EC7C651A43917D00E48DF6 /* ChameleonStatusBar.m */ = {isa = PBXFileReference; fileEncoding = 4; lastKnownFileType = sourcecode.c.objc; path = ChameleonStatusBar.m; sourceTree = "<group>"; };
		A8EC7C661A43917D00E48DF6 /* NSArray+Chameleon.h */ = {isa = PBXFileReference; fileEncoding = 4; lastKnownFileType = sourcecode.c.h; path = "NSArray+Chameleon.h"; sourceTree = "<group>"; };
		A8EC7C671A43917D00E48DF6 /* NSArray+Chameleon.m */ = {isa = PBXFileReference; fileEncoding = 4; lastKnownFileType = sourcecode.c.objc; path = "NSArray+Chameleon.m"; sourceTree = "<group>"; };
		A8EC7C681A43917D00E48DF6 /* UIColor+Chameleon.h */ = {isa = PBXFileReference; fileEncoding = 4; lastKnownFileType = sourcecode.c.h; path = "UIColor+Chameleon.h"; sourceTree = "<group>"; };
		A8EC7C691A43917D00E48DF6 /* UIColor+Chameleon.m */ = {isa = PBXFileReference; fileEncoding = 4; lastKnownFileType = sourcecode.c.objc; path = "UIColor+Chameleon.m"; sourceTree = "<group>"; };
		A8EC7C6A1A43917D00E48DF6 /* UIColor+CIELAB.h */ = {isa = PBXFileReference; fileEncoding = 4; lastKnownFileType = sourcecode.c.h; path = "UIColor+CIELAB.h"; sourceTree = "<group>"; };
		A8EC7C6B1A43917D00E48DF6 /* UIColor+CIELAB.m */ = {isa = PBXFileReference; fileEncoding = 4; lastKnownFileType = sourcecode.c.objc; path = "UIColor+CIELAB.m"; sourceTree = "<group>"; };
		A8EC7C6C1A43917D00E48DF6 /* UIViewController+Chameleon.h */ = {isa = PBXFileReference; fileEncoding = 4; lastKnownFileType = sourcecode.c.h; path = "UIViewController+Chameleon.h"; sourceTree = "<group>"; };
		A8EC7C6D1A43917D00E48DF6 /* UIViewController+Chameleon.m */ = {isa = PBXFileReference; fileEncoding = 4; lastKnownFileType = sourcecode.c.objc; path = "UIViewController+Chameleon.m"; sourceTree = "<group>"; };
/* End PBXFileReference section */

/* Begin PBXFrameworksBuildPhase section */
		3CCFC41C19FB1565000838B6 /* Frameworks */ = {
			isa = PBXFrameworksBuildPhase;
			buildActionMask = 2147483647;
			files = (
			);
			runOnlyForDeploymentPostprocessing = 0;
		};
		3CCFC43519FB1565000838B6 /* Frameworks */ = {
			isa = PBXFrameworksBuildPhase;
			buildActionMask = 2147483647;
			files = (
			);
			runOnlyForDeploymentPostprocessing = 0;
		};
/* End PBXFrameworksBuildPhase section */

/* Begin PBXGroup section */
		3C7B43F31A00680500A92BAF /* YoutubePlayer */ = {
			isa = PBXGroup;
			children = (
				3CCFC44819FB15C8000838B6 /* YoutubeHelper */,
				3CCC182A1A414E0B00AFC7BF /* YoutubePlayerDemo */,
				3CCFC43B19FB1565000838B6 /* YoutubePlayerDemoTests */,
				3CCFC42019FB1565000838B6 /* Products */,
			);
			name = YoutubePlayer;
			sourceTree = "<group>";
		};
		3CCC182A1A414E0B00AFC7BF /* YoutubePlayerDemo */ = {
			isa = PBXGroup;
			children = (
				3CCC18321A414E0B00AFC7BF /* Menu */,
				A8EC7C611A43917D00E48DF6 /* Chameleon */,
				3CCC182B1A414E0B00AFC7BF /* AppDelegate.h */,
				3CCC182C1A414E0B00AFC7BF /* AppDelegate.m */,
				3CCC18381A414E0B00AFC7BF /* ViewController.h */,
				3CCC18391A414E0B00AFC7BF /* ViewController.m */,
				3CCC182D1A414E0B00AFC7BF /* LaunchScreen.xib */,
				3CCC182F1A414E0B00AFC7BF /* Main.storyboard */,
				3CCC18311A414E0B00AFC7BF /* Images.xcassets */,
				3CCC18351A414E0B00AFC7BF /* Supporting Files */,
			);
			path = YoutubePlayerDemo;
			sourceTree = "<group>";
		};
		3CCC18321A414E0B00AFC7BF /* Menu */ = {
			isa = PBXGroup;
			children = (
				3CCC18331A414E0B00AFC7BF /* SphereMenu.h */,
				3CCC18341A414E0B00AFC7BF /* SphereMenu.m */,
			);
			path = Menu;
			sourceTree = "<group>";
		};
		3CCC18351A414E0B00AFC7BF /* Supporting Files */ = {
			isa = PBXGroup;
			children = (
				3CCC18361A414E0B00AFC7BF /* Info.plist */,
				3CCC18371A414E0B00AFC7BF /* main.m */,
			);
			path = "Supporting Files";
			sourceTree = "<group>";
		};
		3CCFC41619FB1565000838B6 = {
			isa = PBXGroup;
			children = (
				3C7B43F31A00680500A92BAF /* YoutubePlayer */,
				FAD07377F99D993DEB32B5F7 /* Frameworks */,
			);
			sourceTree = "<group>";
		};
		3CCFC42019FB1565000838B6 /* Products */ = {
			isa = PBXGroup;
			children = (
				3CCFC41F19FB1565000838B6 /* YoutubePlayerDemo.app */,
				3CCFC43819FB1565000838B6 /* YoutubePlayerDemoTests.xctest */,
			);
			name = Products;
			sourceTree = "<group>";
		};
		3CCFC43B19FB1565000838B6 /* YoutubePlayerDemoTests */ = {
			isa = PBXGroup;
			children = (
				3CCFC43E19FB1565000838B6 /* YoutubePlayerTests.m */,
				3CCFC43C19FB1565000838B6 /* Supporting Files */,
			);
			name = YoutubePlayerDemoTests;
			path = YoutubePlayerTests;
			sourceTree = "<group>";
		};
		3CCFC43C19FB1565000838B6 /* Supporting Files */ = {
			isa = PBXGroup;
			children = (
				3CCFC43D19FB1565000838B6 /* Info.plist */,
			);
			name = "Supporting Files";
			sourceTree = "<group>";
		};
		3CCFC44819FB15C8000838B6 /* YoutubeHelper */ = {
			isa = PBXGroup;
			children = (
				3CCFC44C19FB1666000838B6 /* YTPlayerView-iframe-player.html */,
				3CCFC44919FB15DF000838B6 /* YTPlayerView.h */,
				3CCFC44A19FB15DF000838B6 /* YTPlayerView.m */,
			);
			name = YoutubeHelper;
			sourceTree = "<group>";
		};
		A8EC7C611A43917D00E48DF6 /* Chameleon */ = {
			isa = PBXGroup;
			children = (
				A8EC7C621A43917D00E48DF6 /* Chameleon.h */,
				A8EC7C631A43917D00E48DF6 /* ChameleonMacros.h */,
				A8EC7C641A43917D00E48DF6 /* ChameleonStatusBar.h */,
				A8EC7C651A43917D00E48DF6 /* ChameleonStatusBar.m */,
				A8EC7C661A43917D00E48DF6 /* NSArray+Chameleon.h */,
				A8EC7C671A43917D00E48DF6 /* NSArray+Chameleon.m */,
				A8EC7C681A43917D00E48DF6 /* UIColor+Chameleon.h */,
				A8EC7C691A43917D00E48DF6 /* UIColor+Chameleon.m */,
				A8EC7C6A1A43917D00E48DF6 /* UIColor+CIELAB.h */,
				A8EC7C6B1A43917D00E48DF6 /* UIColor+CIELAB.m */,
				A8EC7C6C1A43917D00E48DF6 /* UIViewController+Chameleon.h */,
				A8EC7C6D1A43917D00E48DF6 /* UIViewController+Chameleon.m */,
			);
			path = Chameleon;
			sourceTree = "<group>";
		};
		FAD07377F99D993DEB32B5F7 /* Frameworks */ = {
			isa = PBXGroup;
			children = (
			);
			name = Frameworks;
			sourceTree = "<group>";
		};
/* End PBXGroup section */

/* Begin PBXNativeTarget section */
		3CCFC41E19FB1565000838B6 /* YoutubePlayerDemo */ = {
			isa = PBXNativeTarget;
			buildConfigurationList = 3CCFC44219FB1565000838B6 /* Build configuration list for PBXNativeTarget "YoutubePlayerDemo" */;
			buildPhases = (
				3CCFC41B19FB1565000838B6 /* Sources */,
				3CCFC41C19FB1565000838B6 /* Frameworks */,
				3CCFC41D19FB1565000838B6 /* Resources */,
			);
			buildRules = (
			);
			dependencies = (
			);
			name = YoutubePlayerDemo;
			productName = YoutubePlayer;
			productReference = 3CCFC41F19FB1565000838B6 /* YoutubePlayerDemo.app */;
			productType = "com.apple.product-type.application";
		};
		3CCFC43719FB1565000838B6 /* YoutubePlayerDemoTests */ = {
			isa = PBXNativeTarget;
			buildConfigurationList = 3CCFC44519FB1565000838B6 /* Build configuration list for PBXNativeTarget "YoutubePlayerDemoTests" */;
			buildPhases = (
				3CCFC43419FB1565000838B6 /* Sources */,
				3CCFC43519FB1565000838B6 /* Frameworks */,
				3CCFC43619FB1565000838B6 /* Resources */,
			);
			buildRules = (
			);
			dependencies = (
				3CCFC43A19FB1565000838B6 /* PBXTargetDependency */,
			);
			name = YoutubePlayerDemoTests;
			productName = YoutubePlayerTests;
			productReference = 3CCFC43819FB1565000838B6 /* YoutubePlayerDemoTests.xctest */;
			productType = "com.apple.product-type.bundle.unit-test";
		};
/* End PBXNativeTarget section */

/* Begin PBXProject section */
		3CCFC41719FB1565000838B6 /* Project object */ = {
			isa = PBXProject;
			attributes = {
				LastUpgradeCheck = 0610;
				ORGANIZATIONNAME = com.jorgedeveloper;
				TargetAttributes = {
					3CCFC41E19FB1565000838B6 = {
						CreatedOnToolsVersion = 6.1;
						DevelopmentTeam = XD9P2BC444;
						SystemCapabilities = {
							com.apple.BackgroundModes = {
								enabled = 1;
							};
						};
					};
					3CCFC43719FB1565000838B6 = {
						CreatedOnToolsVersion = 6.1;
						TestTargetID = 3CCFC41E19FB1565000838B6;
					};
				};
			};
			buildConfigurationList = 3CCFC41A19FB1565000838B6 /* Build configuration list for PBXProject "YoutubePlayerDemo" */;
			compatibilityVersion = "Xcode 3.2";
			developmentRegion = English;
			hasScannedForEncodings = 0;
			knownRegions = (
				en,
				Base,
			);
			mainGroup = 3CCFC41619FB1565000838B6;
			productRefGroup = 3CCFC42019FB1565000838B6 /* Products */;
			projectDirPath = "";
			projectRoot = "";
			targets = (
				3CCFC41E19FB1565000838B6 /* YoutubePlayerDemo */,
				3CCFC43719FB1565000838B6 /* YoutubePlayerDemoTests */,
			);
		};
/* End PBXProject section */

/* Begin PBXResourcesBuildPhase section */
		3CCFC41D19FB1565000838B6 /* Resources */ = {
			isa = PBXResourcesBuildPhase;
			buildActionMask = 2147483647;
			files = (
				A8B7659E1A4395E700D95B33 /* Main.storyboard in Resources */,
				A8B7659D1A4395E100D95B33 /* LaunchScreen.xib in Resources */,
				3CCC183D1A414E0B00AFC7BF /* Images.xcassets in Resources */,
				3CCFC44D19FB1666000838B6 /* YTPlayerView-iframe-player.html in Resources */,
			);
			runOnlyForDeploymentPostprocessing = 0;
		};
		3CCFC43619FB1565000838B6 /* Resources */ = {
			isa = PBXResourcesBuildPhase;
			buildActionMask = 2147483647;
			files = (
			);
			runOnlyForDeploymentPostprocessing = 0;
		};
/* End PBXResourcesBuildPhase section */

/* Begin PBXSourcesBuildPhase section */
		3CCFC41B19FB1565000838B6 /* Sources */ = {
			isa = PBXSourcesBuildPhase;
			buildActionMask = 2147483647;
			files = (
				3CCC183A1A414E0B00AFC7BF /* AppDelegate.m in Sources */,
				A8EC7C711A43917D00E48DF6 /* UIColor+CIELAB.m in Sources */,
				3CCC183E1A414E0B00AFC7BF /* SphereMenu.m in Sources */,
				A8EC7C701A43917D00E48DF6 /* UIColor+Chameleon.m in Sources */,
				A8EC7C6E1A43917D00E48DF6 /* ChameleonStatusBar.m in Sources */,
				A8EC7C721A43917D00E48DF6 /* UIViewController+Chameleon.m in Sources */,
				3CCC18401A414E0B00AFC7BF /* main.m in Sources */,
				3CCFC44B19FB15DF000838B6 /* YTPlayerView.m in Sources */,
				3CCC18411A414E0B00AFC7BF /* ViewController.m in Sources */,
				A8EC7C6F1A43917D00E48DF6 /* NSArray+Chameleon.m in Sources */,
			);
			runOnlyForDeploymentPostprocessing = 0;
		};
		3CCFC43419FB1565000838B6 /* Sources */ = {
			isa = PBXSourcesBuildPhase;
			buildActionMask = 2147483647;
			files = (
				3CCFC43F19FB1565000838B6 /* YoutubePlayerTests.m in Sources */,
			);
			runOnlyForDeploymentPostprocessing = 0;
		};
/* End PBXSourcesBuildPhase section */

/* Begin PBXTargetDependency section */
		3CCFC43A19FB1565000838B6 /* PBXTargetDependency */ = {
			isa = PBXTargetDependency;
			target = 3CCFC41E19FB1565000838B6 /* YoutubePlayerDemo */;
			targetProxy = 3CCFC43919FB1565000838B6 /* PBXContainerItemProxy */;
		};
/* End PBXTargetDependency section */

/* Begin PBXVariantGroup section */
		3CCC182D1A414E0B00AFC7BF /* LaunchScreen.xib */ = {
			isa = PBXVariantGroup;
			children = (
				3CCC182E1A414E0B00AFC7BF /* Base */,
			);
			name = LaunchScreen.xib;
			sourceTree = "<group>";
		};
		3CCC182F1A414E0B00AFC7BF /* Main.storyboard */ = {
			isa = PBXVariantGroup;
			children = (
				3CCC18301A414E0B00AFC7BF /* Base */,
			);
			name = Main.storyboard;
			sourceTree = "<group>";
		};
/* End PBXVariantGroup section */

/* Begin XCBuildConfiguration section */
		3CCFC44019FB1565000838B6 /* Debug */ = {
			isa = XCBuildConfiguration;
			buildSettings = {
				ALWAYS_SEARCH_USER_PATHS = NO;
				CLANG_CXX_LANGUAGE_STANDARD = "gnu++0x";
				CLANG_CXX_LIBRARY = "libc++";
				CLANG_ENABLE_MODULES = YES;
				CLANG_ENABLE_OBJC_ARC = YES;
				CLANG_WARN_BOOL_CONVERSION = YES;
				CLANG_WARN_CONSTANT_CONVERSION = YES;
				CLANG_WARN_DIRECT_OBJC_ISA_USAGE = YES_ERROR;
				CLANG_WARN_EMPTY_BODY = YES;
				CLANG_WARN_ENUM_CONVERSION = YES;
				CLANG_WARN_INT_CONVERSION = YES;
				CLANG_WARN_OBJC_ROOT_CLASS = YES_ERROR;
				CLANG_WARN_UNREACHABLE_CODE = YES;
				CLANG_WARN__DUPLICATE_METHOD_MATCH = YES;
				"CODE_SIGN_IDENTITY[sdk=iphoneos*]" = "iPhone Developer";
				COPY_PHASE_STRIP = NO;
				ENABLE_STRICT_OBJC_MSGSEND = YES;
				GCC_C_LANGUAGE_STANDARD = gnu99;
				GCC_DYNAMIC_NO_PIC = NO;
				GCC_OPTIMIZATION_LEVEL = 0;
				GCC_PREPROCESSOR_DEFINITIONS = (
					"DEBUG=1",
					"$(inherited)",
				);
				GCC_SYMBOLS_PRIVATE_EXTERN = NO;
				GCC_WARN_64_TO_32_BIT_CONVERSION = YES;
				GCC_WARN_ABOUT_RETURN_TYPE = YES_ERROR;
				GCC_WARN_UNDECLARED_SELECTOR = YES;
				GCC_WARN_UNINITIALIZED_AUTOS = YES_AGGRESSIVE;
				GCC_WARN_UNUSED_FUNCTION = YES;
				GCC_WARN_UNUSED_VARIABLE = YES;
				INFOPLIST_FILE = "";
				IPHONEOS_DEPLOYMENT_TARGET = 8.1;
				MTL_ENABLE_DEBUG_INFO = YES;
				ONLY_ACTIVE_ARCH = YES;
				PRODUCT_NAME = YoutubePlayerDemo;
				SDKROOT = iphoneos;
			};
			name = Debug;
		};
		3CCFC44119FB1565000838B6 /* Release */ = {
			isa = XCBuildConfiguration;
			buildSettings = {
				ALWAYS_SEARCH_USER_PATHS = NO;
				CLANG_CXX_LANGUAGE_STANDARD = "gnu++0x";
				CLANG_CXX_LIBRARY = "libc++";
				CLANG_ENABLE_MODULES = YES;
				CLANG_ENABLE_OBJC_ARC = YES;
				CLANG_WARN_BOOL_CONVERSION = YES;
				CLANG_WARN_CONSTANT_CONVERSION = YES;
				CLANG_WARN_DIRECT_OBJC_ISA_USAGE = YES_ERROR;
				CLANG_WARN_EMPTY_BODY = YES;
				CLANG_WARN_ENUM_CONVERSION = YES;
				CLANG_WARN_INT_CONVERSION = YES;
				CLANG_WARN_OBJC_ROOT_CLASS = YES_ERROR;
				CLANG_WARN_UNREACHABLE_CODE = YES;
				CLANG_WARN__DUPLICATE_METHOD_MATCH = YES;
				"CODE_SIGN_IDENTITY[sdk=iphoneos*]" = "iPhone Developer";
				COPY_PHASE_STRIP = YES;
				ENABLE_NS_ASSERTIONS = NO;
				ENABLE_STRICT_OBJC_MSGSEND = YES;
				GCC_C_LANGUAGE_STANDARD = gnu99;
				GCC_WARN_64_TO_32_BIT_CONVERSION = YES;
				GCC_WARN_ABOUT_RETURN_TYPE = YES_ERROR;
				GCC_WARN_UNDECLARED_SELECTOR = YES;
				GCC_WARN_UNINITIALIZED_AUTOS = YES_AGGRESSIVE;
				GCC_WARN_UNUSED_FUNCTION = YES;
				GCC_WARN_UNUSED_VARIABLE = YES;
				INFOPLIST_FILE = "";
				IPHONEOS_DEPLOYMENT_TARGET = 8.1;
				MTL_ENABLE_DEBUG_INFO = NO;
				PRODUCT_NAME = YoutubePlayerDemo;
				SDKROOT = iphoneos;
				VALIDATE_PRODUCT = YES;
			};
			name = Release;
		};
		3CCFC44319FB1565000838B6 /* Debug */ = {
			isa = XCBuildConfiguration;
			buildSettings = {
				ASSETCATALOG_COMPILER_APPICON_NAME = AppIcon;
				CODE_SIGN_IDENTITY = "iPhone Developer";
				"CODE_SIGN_IDENTITY[sdk=iphoneos*]" = "iPhone Developer";
				INFOPLIST_FILE = "YoutubePlayerDemo/Supporting Files/Info.plist";
				LD_RUNPATH_SEARCH_PATHS = "$(inherited) @executable_path/Frameworks";
				PRODUCT_NAME = YoutubePlayerDemo;
				PROVISIONING_PROFILE = "";
			};
			name = Debug;
		};
		3CCFC44419FB1565000838B6 /* Release */ = {
			isa = XCBuildConfiguration;
			buildSettings = {
				ASSETCATALOG_COMPILER_APPICON_NAME = AppIcon;
				CODE_SIGN_IDENTITY = "iPhone Developer";
				"CODE_SIGN_IDENTITY[sdk=iphoneos*]" = "iPhone Developer";
				INFOPLIST_FILE = "YoutubePlayerDemo/Supporting Files/Info.plist";
				LD_RUNPATH_SEARCH_PATHS = "$(inherited) @executable_path/Frameworks";
				PRODUCT_NAME = YoutubePlayerDemo;
				PROVISIONING_PROFILE = "";
			};
			name = Release;
		};
		3CCFC44619FB1565000838B6 /* Debug */ = {
			isa = XCBuildConfiguration;
			buildSettings = {
				BUNDLE_LOADER = "$(TEST_HOST)";
				FRAMEWORK_SEARCH_PATHS = (
					"$(SDKROOT)/Developer/Library/Frameworks",
					"$(inherited)",
				);
				GCC_PREPROCESSOR_DEFINITIONS = (
					"DEBUG=1",
					"$(inherited)",
				);
				INFOPLIST_FILE = YoutubePlayerTests/Info.plist;
				LD_RUNPATH_SEARCH_PATHS = "$(inherited) @executable_path/Frameworks @loader_path/Frameworks";
				PRODUCT_NAME = YoutubePlayerDemoTests;
				TEST_HOST = "$(BUILT_PRODUCTS_DIR)/YoutubePlayerDemo.app/YoutubePlayerDemo";
			};
			name = Debug;
		};
		3CCFC44719FB1565000838B6 /* Release */ = {
			isa = XCBuildConfiguration;
			buildSettings = {
				BUNDLE_LOADER = "$(TEST_HOST)";
				FRAMEWORK_SEARCH_PATHS = (
					"$(SDKROOT)/Developer/Library/Frameworks",
					"$(inherited)",
				);
				INFOPLIST_FILE = YoutubePlayerTests/Info.plist;
				LD_RUNPATH_SEARCH_PATHS = "$(inherited) @executable_path/Frameworks @loader_path/Frameworks";
				PRODUCT_NAME = YoutubePlayerDemoTests;
				TEST_HOST = "$(BUILT_PRODUCTS_DIR)/YoutubePlayerDemo.app/YoutubePlayerDemo";
			};
			name = Release;
		};
/* End XCBuildConfiguration section */

/* Begin XCConfigurationList section */
		3CCFC41A19FB1565000838B6 /* Build configuration list for PBXProject "YoutubePlayerDemo" */ = {
			isa = XCConfigurationList;
			buildConfigurations = (
				3CCFC44019FB1565000838B6 /* Debug */,
				3CCFC44119FB1565000838B6 /* Release */,
			);
			defaultConfigurationIsVisible = 0;
			defaultConfigurationName = Release;
		};
		3CCFC44219FB1565000838B6 /* Build configuration list for PBXNativeTarget "YoutubePlayerDemo" */ = {
			isa = XCConfigurationList;
			buildConfigurations = (
				3CCFC44319FB1565000838B6 /* Debug */,
				3CCFC44419FB1565000838B6 /* Release */,
			);
			defaultConfigurationIsVisible = 0;
			defaultConfigurationName = Release;
		};
		3CCFC44519FB1565000838B6 /* Build configuration list for PBXNativeTarget "YoutubePlayerDemoTests" */ = {
			isa = XCConfigurationList;
			buildConfigurations = (
				3CCFC44619FB1565000838B6 /* Debug */,
				3CCFC44719FB1565000838B6 /* Release */,
			);
			defaultConfigurationIsVisible = 0;
			defaultConfigurationName = Release;
		};
/* End XCConfigurationList section */
	};
	rootObject = 3CCFC41719FB1565000838B6 /* Project object */;
}
